
Microsoft Visual Studio Solution File, Format Version 12.00
# Visual Studio Version 16
VisualStudioVersion = 16.0.32002.261
MinimumVisualStudioVersion = 10.0.40219.1
Project("{9A19103F-16F7-4668-BE54-9A1E7A4F7556}") = "Clinic", "Clinic\Clinic.csproj", "{98D3C2AD-F208-46A0-BA80-E6369726F447}"
EndProject
Project("{FAE04EC0-301F-11D3-BF4B-00C04F79EFBC}") = "ClinicUnitTests", "ClinicUnitTests\ClinicUnitTests.csproj", "{8C7F7D58-0268-46F6-B7EB-E828F44174D2}"
EndProject
Global
	GlobalSection(SolutionConfigurationPlatforms) = preSolution
		Debug|Any CPU = Debug|Any CPU
		Release|Any CPU = Release|Any CPU
	EndGlobalSection
	GlobalSection(ProjectConfigurationPlatforms) = postSolution
		{98D3C2AD-F208-46A0-BA80-E6369726F447}.Debug|Any CPU.ActiveCfg = Debug|Any CPU
		{98D3C2AD-F208-46A0-BA80-E6369726F447}.Debug|Any CPU.Build.0 = Debug|Any CPU
		{98D3C2AD-F208-46A0-BA80-E6369726F447}.Release|Any CPU.ActiveCfg = Release|Any CPU
		{98D3C2AD-F208-46A0-BA80-E6369726F447}.Release|Any CPU.Build.0 = Release|Any CPU
		{8C7F7D58-0268-46F6-B7EB-E828F44174D2}.Debug|Any CPU.ActiveCfg = Debug|Any CPU
		{8C7F7D58-0268-46F6-B7EB-E828F44174D2}.Debug|Any CPU.Build.0 = Debug|Any CPU
		{8C7F7D58-0268-46F6-B7EB-E828F44174D2}.Release|Any CPU.ActiveCfg = Release|Any CPU
		{8C7F7D58-0268-46F6-B7EB-E828F44174D2}.Release|Any CPU.Build.0 = Release|Any CPU
	EndGlobalSection
	GlobalSection(SolutionProperties) = preSolution
		HideSolutionNode = FALSE
	EndGlobalSection
	GlobalSection(ExtensibilityGlobals) = postSolution
		SolutionGuid = {8FF7B684-0CB3-41E1-8BD6-002AB9DA5031}
	EndGlobalSection
EndGlobal
